
Microsoft Visual Studio Solution File, Format Version 12.00
# Visual Studio Version 17
VisualStudioVersion = 17.7.34221.43
MinimumVisualStudioVersion = 10.0.40219.1
Project("{9A19103F-16F7-4668-BE54-9A1E7A4F7556}") = "BrakeDiskPlugin.View", "BrakeDiskPlugin.View\BrakeDiskPlugin.View.csproj", "{20AEB3D4-D3B3-4925-A107-2E9F43D82BC0}"
	ProjectSection(ProjectDependencies) = postProject
		{881DEB7C-F704-4255-A9E0-A9BF7DB3F1A4} = {881DEB7C-F704-4255-A9E0-A9BF7DB3F1A4}
		{A467A363-807D-4CC3-B716-C1ED89FE38C6} = {A467A363-807D-4CC3-B716-C1ED89FE38C6}
	EndProjectSection
EndProject
Project("{9A19103F-16F7-4668-BE54-9A1E7A4F7556}") = "BrakeDiskPlugin.Model", "BrakeDiskPlugin.Model\BrakeDiskPlugin.Model.csproj", "{881DEB7C-F704-4255-A9E0-A9BF7DB3F1A4}"
EndProject
Project("{9A19103F-16F7-4668-BE54-9A1E7A4F7556}") = "BrakeDiskPlugin.Wrapper", "BrakeDiskPlugin.Wrapper\BrakeDiskPlugin.Wrapper.csproj", "{A467A363-807D-4CC3-B716-C1ED89FE38C6}"
	ProjectSection(ProjectDependencies) = postProject
		{881DEB7C-F704-4255-A9E0-A9BF7DB3F1A4} = {881DEB7C-F704-4255-A9E0-A9BF7DB3F1A4}
	EndProjectSection
EndProject
Project("{9A19103F-16F7-4668-BE54-9A1E7A4F7556}") = "BrakeDiskPlugin.Model.UnitTests", "Testing\BrakeDiskPlugin.Model.UnitTests\BrakeDiskPlugin.Model.UnitTests.csproj", "{470CFDE7-F551-4C2D-B4D0-20D49BAB199D}"
	ProjectSection(ProjectDependencies) = postProject
		{881DEB7C-F704-4255-A9E0-A9BF7DB3F1A4} = {881DEB7C-F704-4255-A9E0-A9BF7DB3F1A4}
	EndProjectSection
EndProject
Project("{9A19103F-16F7-4668-BE54-9A1E7A4F7556}") = "Stress", "Stress\Stress.csproj", "{3A691628-C42F-43C6-81CE-968FF400789A}"
EndProject
Global
	GlobalSection(SolutionConfigurationPlatforms) = preSolution
		Debug|Any CPU = Debug|Any CPU
		Release|Any CPU = Release|Any CPU
	EndGlobalSection
	GlobalSection(ProjectConfigurationPlatforms) = postSolution
		{20AEB3D4-D3B3-4925-A107-2E9F43D82BC0}.Debug|Any CPU.ActiveCfg = Debug|Any CPU
		{20AEB3D4-D3B3-4925-A107-2E9F43D82BC0}.Debug|Any CPU.Build.0 = Debug|Any CPU
		{20AEB3D4-D3B3-4925-A107-2E9F43D82BC0}.Release|Any CPU.ActiveCfg = Release|Any CPU
		{20AEB3D4-D3B3-4925-A107-2E9F43D82BC0}.Release|Any CPU.Build.0 = Release|Any CPU
		{881DEB7C-F704-4255-A9E0-A9BF7DB3F1A4}.Debug|Any CPU.ActiveCfg = Debug|Any CPU
		{881DEB7C-F704-4255-A9E0-A9BF7DB3F1A4}.Debug|Any CPU.Build.0 = Debug|Any CPU
		{881DEB7C-F704-4255-A9E0-A9BF7DB3F1A4}.Release|Any CPU.ActiveCfg = Release|Any CPU
		{881DEB7C-F704-4255-A9E0-A9BF7DB3F1A4}.Release|Any CPU.Build.0 = Release|Any CPU
		{A467A363-807D-4CC3-B716-C1ED89FE38C6}.Debug|Any CPU.ActiveCfg = Debug|Any CPU
		{A467A363-807D-4CC3-B716-C1ED89FE38C6}.Debug|Any CPU.Build.0 = Debug|Any CPU
		{A467A363-807D-4CC3-B716-C1ED89FE38C6}.Release|Any CPU.ActiveCfg = Release|Any CPU
		{A467A363-807D-4CC3-B716-C1ED89FE38C6}.Release|Any CPU.Build.0 = Release|Any CPU
		{470CFDE7-F551-4C2D-B4D0-20D49BAB199D}.Debug|Any CPU.ActiveCfg = Debug|Any CPU
		{470CFDE7-F551-4C2D-B4D0-20D49BAB199D}.Debug|Any CPU.Build.0 = Debug|Any CPU
		{470CFDE7-F551-4C2D-B4D0-20D49BAB199D}.Release|Any CPU.ActiveCfg = Release|Any CPU
		{470CFDE7-F551-4C2D-B4D0-20D49BAB199D}.Release|Any CPU.Build.0 = Release|Any CPU
		{3A691628-C42F-43C6-81CE-968FF400789A}.Debug|Any CPU.ActiveCfg = Debug|Any CPU
		{3A691628-C42F-43C6-81CE-968FF400789A}.Debug|Any CPU.Build.0 = Debug|Any CPU
		{3A691628-C42F-43C6-81CE-968FF400789A}.Release|Any CPU.ActiveCfg = Release|Any CPU
		{3A691628-C42F-43C6-81CE-968FF400789A}.Release|Any CPU.Build.0 = Release|Any CPU
	EndGlobalSection
	GlobalSection(SolutionProperties) = preSolution
		HideSolutionNode = FALSE
	EndGlobalSection
	GlobalSection(ExtensibilityGlobals) = postSolution
		SolutionGuid = {FB20A125-AFB4-48C3-9CBA-279342356CFE}
	EndGlobalSection
EndGlobal
